
Microsoft Visual Studio Solution File, Format Version 12.00
# Visual Studio Version 16
VisualStudioVersion = 16.0.31129.286
MinimumVisualStudioVersion = 10.0.40219.1
Project("{8BC9CEB8-8B4A-11D0-8D11-00A0C91BC942}") = "Question03_01", "Question03_01\Question03_01.vcxproj", "{7BD10F0F-FAD4-4BA1-8286-12C4CB0DAF7C}"
EndProject
Project("{8BC9CEB8-8B4A-11D0-8D11-00A0C91BC942}") = "Question03_02", "Question03_02\Question03_02.vcxproj", "{A3E660F8-B985-49F2-90B2-172AC979431B}"
EndProject
Project("{8BC9CEB8-8B4A-11D0-8D11-00A0C91BC942}") = "Question03_03", "Question03_03\Question03_03.vcxproj", "{67C1C549-0E2D-42B3-BFFB-1F08F8FB0398}"
EndProject
Project("{8BC9CEB8-8B4A-11D0-8D11-00A0C91BC942}") = "Question03_04", "Question03_04\Question03_04.vcxproj", "{375DF71D-8F25-4F1D-AB8E-AA5A9E80BC1F}"
EndProject
Project("{8BC9CEB8-8B4A-11D0-8D11-00A0C91BC942}") = "Question03_05", "Question03_05\Question03_05.vcxproj", "{0940F374-100D-4A10-AA1E-D1F3956AA01F}"
EndProject
Project("{8BC9CEB8-8B4A-11D0-8D11-00A0C91BC942}") = "Question03_06", "Question03_06\Question03_06.vcxproj", "{F652179D-5E84-42FD-AAAD-9317601167F4}"
EndProject
Project("{8BC9CEB8-8B4A-11D0-8D11-00A0C91BC942}") = "Question03_07", "Question03_07\Question03_07.vcxproj", "{826F527B-6EEF-4A6A-A3DF-26A1FDE84287}"
EndProject
Project("{8BC9CEB8-8B4A-11D0-8D11-00A0C91BC942}") = "Question03_08", "Question03_08\Question03_08.vcxproj", "{DF3FFB05-553C-4F0F-9D55-EDF74B631E10}"
EndProject
Project("{8BC9CEB8-8B4A-11D0-8D11-00A0C91BC942}") = "Question03_09", "Question03_09\Question03_09.vcxproj", "{59D72CD2-2DF7-465E-81EE-DB2F548430A8}"
EndProject
Project("{8BC9CEB8-8B4A-11D0-8D11-00A0C91BC942}") = "Question03_10", "Question03_10\Question03_10.vcxproj", "{A139903D-4016-4F27-87AA-6B32F30ED500}"
EndProject
Project("{8BC9CEB8-8B4A-11D0-8D11-00A0C91BC942}") = "Question03_11", "Question03_11\Question03_11.vcxproj", "{95DAC4D0-94BB-489A-A61A-FEE4C87E4109}"
EndProject
Project("{8BC9CEB8-8B4A-11D0-8D11-00A0C91BC942}") = "Question03_12", "Question03_12\Question03_12.vcxproj", "{A1C6266D-581B-45F8-A872-CEE24649D426}"
EndProject
Project("{8BC9CEB8-8B4A-11D0-8D11-00A0C91BC942}") = "Question03_13", "Question03_13\Question03_13.vcxproj", "{D43692C7-BE03-4344-9081-DF3FE5483072}"
EndProject
Global
	GlobalSection(SolutionConfigurationPlatforms) = preSolution
		Debug|x64 = Debug|x64
		Debug|x86 = Debug|x86
		Release|x64 = Release|x64
		Release|x86 = Release|x86
	EndGlobalSection
	GlobalSection(ProjectConfigurationPlatforms) = postSolution
		{7BD10F0F-FAD4-4BA1-8286-12C4CB0DAF7C}.Debug|x64.ActiveCfg = Debug|x64
		{7BD10F0F-FAD4-4BA1-8286-12C4CB0DAF7C}.Debug|x64.Build.0 = Debug|x64
		{7BD10F0F-FAD4-4BA1-8286-12C4CB0DAF7C}.Debug|x86.ActiveCfg = Debug|Win32
		{7BD10F0F-FAD4-4BA1-8286-12C4CB0DAF7C}.Debug|x86.Build.0 = Debug|Win32
		{7BD10F0F-FAD4-4BA1-8286-12C4CB0DAF7C}.Release|x64.ActiveCfg = Release|x64
		{7BD10F0F-FAD4-4BA1-8286-12C4CB0DAF7C}.Release|x64.Build.0 = Release|x64
		{7BD10F0F-FAD4-4BA1-8286-12C4CB0DAF7C}.Release|x86.ActiveCfg = Release|Win32
		{7BD10F0F-FAD4-4BA1-8286-12C4CB0DAF7C}.Release|x86.Build.0 = Release|Win32
		{A3E660F8-B985-49F2-90B2-172AC979431B}.Debug|x64.ActiveCfg = Debug|x64
		{A3E660F8-B985-49F2-90B2-172AC979431B}.Debug|x64.Build.0 = Debug|x64
		{A3E660F8-B985-49F2-90B2-172AC979431B}.Debug|x86.ActiveCfg = Debug|Win32
		{A3E660F8-B985-49F2-90B2-172AC979431B}.Debug|x86.Build.0 = Debug|Win32
		{A3E660F8-B985-49F2-90B2-172AC979431B}.Release|x64.ActiveCfg = Release|x64
		{A3E660F8-B985-49F2-90B2-172AC979431B}.Release|x64.Build.0 = Release|x64
		{A3E660F8-B985-49F2-90B2-172AC979431B}.Release|x86.ActiveCfg = Release|Win32
		{A3E660F8-B985-49F2-90B2-172AC979431B}.Release|x86.Build.0 = Release|Win32
		{67C1C549-0E2D-42B3-BFFB-1F08F8FB0398}.Debug|x64.ActiveCfg = Debug|x64
		{67C1C549-0E2D-42B3-BFFB-1F08F8FB0398}.Debug|x64.Build.0 = Debug|x64
		{67C1C549-0E2D-42B3-BFFB-1F08F8FB0398}.Debug|x86.ActiveCfg = Debug|Win32
		{67C1C549-0E2D-42B3-BFFB-1F08F8FB0398}.Debug|x86.Build.0 = Debug|Win32
		{67C1C549-0E2D-42B3-BFFB-1F08F8FB0398}.Release|x64.ActiveCfg = Release|x64
		{67C1C549-0E2D-42B3-BFFB-1F08F8FB0398}.Release|x64.Build.0 = Release|x64
		{67C1C549-0E2D-42B3-BFFB-1F08F8FB0398}.Release|x86.ActiveCfg = Release|Win32
		{67C1C549-0E2D-42B3-BFFB-1F08F8FB0398}.Release|x86.Build.0 = Release|Win32
		{375DF71D-8F25-4F1D-AB8E-AA5A9E80BC1F}.Debug|x64.ActiveCfg = Debug|x64
		{375DF71D-8F25-4F1D-AB8E-AA5A9E80BC1F}.Debug|x64.Build.0 = Debug|x64
		{375DF71D-8F25-4F1D-AB8E-AA5A9E80BC1F}.Debug|x86.ActiveCfg = Debug|Win32
		{375DF71D-8F25-4F1D-AB8E-AA5A9E80BC1F}.Debug|x86.Build.0 = Debug|Win32
		{375DF71D-8F25-4F1D-AB8E-AA5A9E80BC1F}.Release|x64.ActiveCfg = Release|x64
		{375DF71D-8F25-4F1D-AB8E-AA5A9E80BC1F}.Release|x64.Build.0 = Release|x64
		{375DF71D-8F25-4F1D-AB8E-AA5A9E80BC1F}.Release|x86.ActiveCfg = Release|Win32
		{375DF71D-8F25-4F1D-AB8E-AA5A9E80BC1F}.Release|x86.Build.0 = Release|Win32
		{0940F374-100D-4A10-AA1E-D1F3956AA01F}.Debug|x64.ActiveCfg = Debug|x64
		{0940F374-100D-4A10-AA1E-D1F3956AA01F}.Debug|x64.Build.0 = Debug|x64
		{0940F374-100D-4A10-AA1E-D1F3956AA01F}.Debug|x86.ActiveCfg = Debug|Win32
		{0940F374-100D-4A10-AA1E-D1F3956AA01F}.Debug|x86.Build.0 = Debug|Win32
		{0940F374-100D-4A10-AA1E-D1F3956AA01F}.Release|x64.ActiveCfg = Release|x64
		{0940F374-100D-4A10-AA1E-D1F3956AA01F}.Release|x64.Build.0 = Release|x64
		{0940F374-100D-4A10-AA1E-D1F3956AA01F}.Release|x86.ActiveCfg = Release|Win32
		{0940F374-100D-4A10-AA1E-D1F3956AA01F}.Release|x86.Build.0 = Release|Win32
		{F652179D-5E84-42FD-AAAD-9317601167F4}.Debug|x64.ActiveCfg = Debug|x64
		{F652179D-5E84-42FD-AAAD-9317601167F4}.Debug|x64.Build.0 = Debug|x64
		{F652179D-5E84-42FD-AAAD-9317601167F4}.Debug|x86.ActiveCfg = Debug|Win32
		{F652179D-5E84-42FD-AAAD-9317601167F4}.Debug|x86.Build.0 = Debug|Win32
		{F652179D-5E84-42FD-AAAD-9317601167F4}.Release|x64.ActiveCfg = Release|x64
		{F652179D-5E84-42FD-AAAD-9317601167F4}.Release|x64.Build.0 = Release|x64
		{F652179D-5E84-42FD-AAAD-9317601167F4}.Release|x86.ActiveCfg = Release|Win32
		{F652179D-5E84-42FD-AAAD-9317601167F4}.Release|x86.Build.0 = Release|Win32
		{826F527B-6EEF-4A6A-A3DF-26A1FDE84287}.Debug|x64.ActiveCfg = Debug|x64
		{826F527B-6EEF-4A6A-A3DF-26A1FDE84287}.Debug|x64.Build.0 = Debug|x64
		{826F527B-6EEF-4A6A-A3DF-26A1FDE84287}.Debug|x86.ActiveCfg = Debug|Win32
		{826F527B-6EEF-4A6A-A3DF-26A1FDE84287}.Debug|x86.Build.0 = Debug|Win32
		{826F527B-6EEF-4A6A-A3DF-26A1FDE84287}.Release|x64.ActiveCfg = Release|x64
		{826F527B-6EEF-4A6A-A3DF-26A1FDE84287}.Release|x64.Build.0 = Release|x64
		{826F527B-6EEF-4A6A-A3DF-26A1FDE84287}.Release|x86.ActiveCfg = Release|Win32
		{826F527B-6EEF-4A6A-A3DF-26A1FDE84287}.Release|x86.Build.0 = Release|Win32
		{DF3FFB05-553C-4F0F-9D55-EDF74B631E10}.Debug|x64.ActiveCfg = Debug|x64
		{DF3FFB05-553C-4F0F-9D55-EDF74B631E10}.Debug|x64.Build.0 = Debug|x64
		{DF3FFB05-553C-4F0F-9D55-EDF74B631E10}.Debug|x86.ActiveCfg = Debug|Win32
		{DF3FFB05-553C-4F0F-9D55-EDF74B631E10}.Debug|x86.Build.0 = Debug|Win32
		{DF3FFB05-553C-4F0F-9D55-EDF74B631E10}.Release|x64.ActiveCfg = Release|x64
		{DF3FFB05-553C-4F0F-9D55-EDF74B631E10}.Release|x64.Build.0 = Release|x64
		{DF3FFB05-553C-4F0F-9D55-EDF74B631E10}.Release|x86.ActiveCfg = Release|Win32
		{DF3FFB05-553C-4F0F-9D55-EDF74B631E10}.Release|x86.Build.0 = Release|Win32
		{59D72CD2-2DF7-465E-81EE-DB2F548430A8}.Debug|x64.ActiveCfg = Debug|x64
		{59D72CD2-2DF7-465E-81EE-DB2F548430A8}.Debug|x64.Build.0 = Debug|x64
		{59D72CD2-2DF7-465E-81EE-DB2F548430A8}.Debug|x86.ActiveCfg = Debug|Win32
		{59D72CD2-2DF7-465E-81EE-DB2F548430A8}.Debug|x86.Build.0 = Debug|Win32
		{59D72CD2-2DF7-465E-81EE-DB2F548430A8}.Release|x64.ActiveCfg = Release|x64
		{59D72CD2-2DF7-465E-81EE-DB2F548430A8}.Release|x64.Build.0 = Release|x64
		{59D72CD2-2DF7-465E-81EE-DB2F548430A8}.Release|x86.ActiveCfg = Release|Win32
		{59D72CD2-2DF7-465E-81EE-DB2F548430A8}.Release|x86.Build.0 = Release|Win32
		{A139903D-4016-4F27-87AA-6B32F30ED500}.Debug|x64.ActiveCfg = Debug|x64
		{A139903D-4016-4F27-87AA-6B32F30ED500}.Debug|x64.Build.0 = Debug|x64
		{A139903D-4016-4F27-87AA-6B32F30ED500}.Debug|x86.ActiveCfg = Debug|Win32
		{A139903D-4016-4F27-87AA-6B32F30ED500}.Debug|x86.Build.0 = Debug|Win32
		{A139903D-4016-4F27-87AA-6B32F30ED500}.Release|x64.ActiveCfg = Release|x64
		{A139903D-4016-4F27-87AA-6B32F30ED500}.Release|x64.Build.0 = Release|x64
		{A139903D-4016-4F27-87AA-6B32F30ED500}.Release|x86.ActiveCfg = Release|Win32
		{A139903D-4016-4F27-87AA-6B32F30ED500}.Release|x86.Build.0 = Release|Win32
		{95DAC4D0-94BB-489A-A61A-FEE4C87E4109}.Debug|x64.ActiveCfg = Debug|x64
		{95DAC4D0-94BB-489A-A61A-FEE4C87E4109}.Debug|x64.Build.0 = Debug|x64
		{95DAC4D0-94BB-489A-A61A-FEE4C87E4109}.Debug|x86.ActiveCfg = Debug|Win32
		{95DAC4D0-94BB-489A-A61A-FEE4C87E4109}.Debug|x86.Build.0 = Debug|Win32
		{95DAC4D0-94BB-489A-A61A-FEE4C87E4109}.Release|x64.ActiveCfg = Release|x64
		{95DAC4D0-94BB-489A-A61A-FEE4C87E4109}.Release|x64.Build.0 = Release|x64
		{95DAC4D0-94BB-489A-A61A-FEE4C87E4109}.Release|x86.ActiveCfg = Release|Win32
		{95DAC4D0-94BB-489A-A61A-FEE4C87E4109}.Release|x86.Build.0 = Release|Win32
		{A1C6266D-581B-45F8-A872-CEE24649D426}.Debug|x64.ActiveCfg = Debug|x64
		{A1C6266D-581B-45F8-A872-CEE24649D426}.Debug|x64.Build.0 = Debug|x64
		{A1C6266D-581B-45F8-A872-CEE24649D426}.Debug|x86.ActiveCfg = Debug|Win32
		{A1C6266D-581B-45F8-A872-CEE24649D426}.Debug|x86.Build.0 = Debug|Win32
		{A1C6266D-581B-45F8-A872-CEE24649D426}.Release|x64.ActiveCfg = Release|x64
		{A1C6266D-581B-45F8-A872-CEE24649D426}.Release|x64.Build.0 = Release|x64
		{A1C6266D-581B-45F8-A872-CEE24649D426}.Release|x86.ActiveCfg = Release|Win32
		{A1C6266D-581B-45F8-A872-CEE24649D426}.Release|x86.Build.0 = Release|Win32
		{D43692C7-BE03-4344-9081-DF3FE5483072}.Debug|x64.ActiveCfg = Debug|x64
		{D43692C7-BE03-4344-9081-DF3FE5483072}.Debug|x64.Build.0 = Debug|x64
		{D43692C7-BE03-4344-9081-DF3FE5483072}.Debug|x86.ActiveCfg = Debug|Win32
		{D43692C7-BE03-4344-9081-DF3FE5483072}.Debug|x86.Build.0 = Debug|Win32
		{D43692C7-BE03-4344-9081-DF3FE5483072}.Release|x64.ActiveCfg = Release|x64
		{D43692C7-BE03-4344-9081-DF3FE5483072}.Release|x64.Build.0 = Release|x64
		{D43692C7-BE03-4344-9081-DF3FE5483072}.Release|x86.ActiveCfg = Release|Win32
		{D43692C7-BE03-4344-9081-DF3FE5483072}.Release|x86.Build.0 = Release|Win32
	EndGlobalSection
	GlobalSection(SolutionProperties) = preSolution
		HideSolutionNode = FALSE
	EndGlobalSection
	GlobalSection(ExtensibilityGlobals) = postSolution
		SolutionGuid = {626EA4AA-10E4-4CD4-AD29-C962117A4BC0}
	EndGlobalSection
EndGlobal
